
Microsoft Visual Studio Solution File, Format Version 12.00
# Visual Studio 15
VisualStudioVersion = 15.0.33529.398
MinimumVisualStudioVersion = 10.0.40219.1
Project("{8BC9CEB8-8B4A-11D0-8D11-00A0C91BC942}") = "Chuong6", "Chuong6\Chuong6.vcxproj", "{AA296565-B5AE-4052-8665-D6B91C399584}"
EndProject
Global
	GlobalSection(SolutionConfigurationPlatforms) = preSolution
		Debug|x64 = Debug|x64
		Debug|x86 = Debug|x86
		Release|x64 = Release|x64
		Release|x86 = Release|x86
	EndGlobalSection
	GlobalSection(ProjectConfigurationPlatforms) = postSolution
		{AA296565-B5AE-4052-8665-D6B91C399584}.Debug|x64.ActiveCfg = Debug|x64
		{AA296565-B5AE-4052-8665-D6B91C399584}.Debug|x64.Build.0 = Debug|x64
		{AA296565-B5AE-4052-8665-D6B91C399584}.Debug|x86.ActiveCfg = Debug|Win32
		{AA296565-B5AE-4052-8665-D6B91C399584}.Debug|x86.Build.0 = Debug|Win32
		{AA296565-B5AE-4052-8665-D6B91C399584}.Release|x64.ActiveCfg = Release|x64
		{AA296565-B5AE-4052-8665-D6B91C399584}.Release|x64.Build.0 = Release|x64
		{AA296565-B5AE-4052-8665-D6B91C399584}.Release|x86.ActiveCfg = Release|Win32
		{AA296565-B5AE-4052-8665-D6B91C399584}.Release|x86.Build.0 = Release|Win32
	EndGlobalSection
	GlobalSection(SolutionProperties) = preSolution
		HideSolutionNode = FALSE
	EndGlobalSection
	GlobalSection(ExtensibilityGlobals) = postSolution
		SolutionGuid = {2CABE19F-1764-40BA-BA52-34E1F0C021EA}
	EndGlobalSection
EndGlobal
